{
  "name": "govwifi-product-page",
  "version": "1.0.0",
  "lockfileVersion": 1,
  "requires": true,
  "dependencies": {
    "gaap-analytics": {
      "version": "3.1.0",
      "resolved": "https://registry.npmjs.org/gaap-analytics/-/gaap-analytics-3.1.0.tgz",
      "integrity": "sha512-9G7Hwy/D2bjFymOQIptNArrTDAgGjssAv+L6SvbAJinDOSzeX9zUc46PnDVA5WPHHUC5+er4y9+o/nYbubwPoA=="
    },
    "govuk-frontend": {
      "version": "3.6.0",
      "resolved": "https://registry.npmjs.org/govuk-frontend/-/govuk-frontend-3.6.0.tgz",
      "integrity": "sha512-wTxufdY8vFvKJ2EmmQKmarrQ7n30kzg+vvqgGib2dawl7c5Wst8dffkEJQpy9Zs99TE/yEEFgj0VUO4GRUO22A=="
    },
    "govwifi-shared-frontend": {
      "version": "https://github.com/alphagov/govwifi-shared-frontend/releases/download/v0.6.4/govwifi-shared-frontend-0.6.4.tgz",
      "integrity": "sha512-KQCZGCjX4nANCvdI3jL2dvx82l3d+fb1WXiwSUxyTLaCmD1qvppzbgiKUwM4WZDA7VG+gFstPyO3KClejwbYQA==",
      "requires": {
        "js-cookie": "^2.2.1"
      }
    },
    "js-cookie": {
      "version": "2.2.1",
      "resolved": "https://registry.npmjs.org/js-cookie/-/js-cookie-2.2.1.tgz",
      "integrity": "sha512-HvdH2LzI/EAZcUwA8+0nKNtWHqS+ZmijLA30RwZA0bo7ToCckjK5MkGhjED9KoRcXO6BaGI3I9UIzSA1FKFPOQ=="
    }
  }
}
