{
  "name": "govwifi-product-page",
  "version": "1.0.0",
  "lockfileVersion": 1,
  "requires": true,
  "dependencies": {
    "gaap-analytics": {
      "version": "3.1.0",
      "resolved": "https://registry.npmjs.org/gaap-analytics/-/gaap-analytics-3.1.0.tgz",
      "integrity": "sha512-9G7Hwy/D2bjFymOQIptNArrTDAgGjssAv+L6SvbAJinDOSzeX9zUc46PnDVA5WPHHUC5+er4y9+o/nYbubwPoA=="
    },
    "govuk-frontend": {
      "version": "4.0.1",
      "resolved": "https://registry.npmjs.org/govuk-frontend/-/govuk-frontend-4.0.1.tgz",
      "integrity": "sha512-X+B88mqYHoxAz0ID87Uxo3oHqdKBRnNHd3Cz8+u8nvQUAsrEzROFLK+t7sAu7e+fKqCCrJyIgx6Cmr6dIGnohQ=="
    },
    "govwifi-shared-frontend": {
      "version": "https://github.com/alphagov/govwifi-shared-frontend/releases/download/v0.6.7/govwifi-shared-frontend-0.6.7.tgz",
      "integrity": "sha512-9m+5a7PmfOL2dHQfdAeynH2xEfoiREC2g5af5KmgCLLwqCEkDnLhXKwVkE0zl84d0X/nODbbseYKVnLTY45vzQ==",
      "requires": {
        "js-cookie": "^3.0.1"
      }
    },
    "js-cookie": {
      "version": "3.0.1",
      "resolved": "https://registry.npmjs.org/js-cookie/-/js-cookie-3.0.1.tgz",
      "integrity": "sha512-+0rgsUXZu4ncpPxRL+lNEptWMOWl9etvPHc/koSRp6MPwpRYAhmk0dUG00J4bxVV3r9uUzfo24wW0knS07SKSw=="
    }
  }
}
