{
  "name": "govwifi-product-page",
  "version": "1.0.0",
  "lockfileVersion": 1,
  "requires": true,
  "dependencies": {
    "gaap-analytics": {
      "version": "3.1.0",
      "resolved": "https://registry.npmjs.org/gaap-analytics/-/gaap-analytics-3.1.0.tgz",
      "integrity": "sha512-9G7Hwy/D2bjFymOQIptNArrTDAgGjssAv+L6SvbAJinDOSzeX9zUc46PnDVA5WPHHUC5+er4y9+o/nYbubwPoA=="
    },
    "govuk-frontend": {
      "version": "3.9.1",
      "resolved": "https://registry.npmjs.org/govuk-frontend/-/govuk-frontend-3.9.1.tgz",
      "integrity": "sha512-ouOoDUj0QwDA4uCHIBkGCFMpORuTRcSuDscOrz7V1PBcOecntLglxJAZAuNm+j2sPo7anoScHU0ZSeE2QIoeAg=="
    },
    "govwifi-shared-frontend": {
      "version": "https://github.com/alphagov/govwifi-shared-frontend/releases/download/v0.6.5/govwifi-shared-frontend-0.6.5.tgz",
      "integrity": "sha512-fpYi2op7XDuQe6pkrBHNgdHkVFcV09TGbv03mOMQnerUgRtx9fMHLug7t3RE/dl/M0+uT4xBPf3tiGG9ur/2qQ==",
      "requires": {
        "js-cookie": "^2.2.1"
      }
    },
    "js-cookie": {
      "version": "2.2.1",
      "resolved": "https://registry.npmjs.org/js-cookie/-/js-cookie-2.2.1.tgz",
      "integrity": "sha512-HvdH2LzI/EAZcUwA8+0nKNtWHqS+ZmijLA30RwZA0bo7ToCckjK5MkGhjED9KoRcXO6BaGI3I9UIzSA1FKFPOQ=="
    }
  }
}
